
Microsoft Visual Studio Solution File, Format Version 12.00
# Visual Studio Version 17
VisualStudioVersion = 17.5.002.0
MinimumVisualStudioVersion = 10.0.40219.1
Project("{9A19103F-16F7-4668-BE54-9A1E7A4F7556}") = "DsCore.Api", "DsCore.Api\DsCore.Api.csproj", "{BEE2C7D7-BDB4-405A-81BF-EE3DE46EDABC}"
EndProject
Project("{FAE04EC0-301F-11D3-BF4B-00C04F79EFBC}") = "DsCore.ApiClient", "DsCore.ApiClient\DsCore.ApiClient.csproj", "{4EA896B1-7C0D-46A6-A0E0-996AABE76F87}"
EndProject
Project("{FAE04EC0-301F-11D3-BF4B-00C04F79EFBC}") = "Generator", "Generator\Generator.csproj", "{06028B39-7415-49CA-B01A-D870CA9863B0}"
EndProject
Project("{FAE04EC0-301F-11D3-BF4B-00C04F79EFBC}") = "DsCore.Events", "DsCore.Events\DsCore.Events.csproj", "{C403F154-969D-4FC7-ABB0-C9B916D1B28E}"
EndProject
Global
	GlobalSection(SolutionConfigurationPlatforms) = preSolution
		Debug|Any CPU = Debug|Any CPU
		Release|Any CPU = Release|Any CPU
	EndGlobalSection
	GlobalSection(ProjectConfigurationPlatforms) = postSolution
		{BEE2C7D7-BDB4-405A-81BF-EE3DE46EDABC}.Debug|Any CPU.ActiveCfg = Debug|Any CPU
		{BEE2C7D7-BDB4-405A-81BF-EE3DE46EDABC}.Debug|Any CPU.Build.0 = Debug|Any CPU
		{BEE2C7D7-BDB4-405A-81BF-EE3DE46EDABC}.Release|Any CPU.ActiveCfg = Release|Any CPU
		{BEE2C7D7-BDB4-405A-81BF-EE3DE46EDABC}.Release|Any CPU.Build.0 = Release|Any CPU
		{4EA896B1-7C0D-46A6-A0E0-996AABE76F87}.Debug|Any CPU.ActiveCfg = Debug|Any CPU
		{4EA896B1-7C0D-46A6-A0E0-996AABE76F87}.Debug|Any CPU.Build.0 = Debug|Any CPU
		{4EA896B1-7C0D-46A6-A0E0-996AABE76F87}.Release|Any CPU.ActiveCfg = Release|Any CPU
		{4EA896B1-7C0D-46A6-A0E0-996AABE76F87}.Release|Any CPU.Build.0 = Release|Any CPU
		{06028B39-7415-49CA-B01A-D870CA9863B0}.Debug|Any CPU.ActiveCfg = Debug|Any CPU
		{06028B39-7415-49CA-B01A-D870CA9863B0}.Debug|Any CPU.Build.0 = Debug|Any CPU
		{06028B39-7415-49CA-B01A-D870CA9863B0}.Release|Any CPU.ActiveCfg = Release|Any CPU
		{06028B39-7415-49CA-B01A-D870CA9863B0}.Release|Any CPU.Build.0 = Release|Any CPU
		{C403F154-969D-4FC7-ABB0-C9B916D1B28E}.Debug|Any CPU.ActiveCfg = Debug|Any CPU
		{C403F154-969D-4FC7-ABB0-C9B916D1B28E}.Debug|Any CPU.Build.0 = Debug|Any CPU
		{C403F154-969D-4FC7-ABB0-C9B916D1B28E}.Release|Any CPU.ActiveCfg = Release|Any CPU
		{C403F154-969D-4FC7-ABB0-C9B916D1B28E}.Release|Any CPU.Build.0 = Release|Any CPU
	EndGlobalSection
	GlobalSection(SolutionProperties) = preSolution
		HideSolutionNode = FALSE
	EndGlobalSection
	GlobalSection(ExtensibilityGlobals) = postSolution
		SolutionGuid = {CD439EE4-127F-45F4-949C-0575561FD7EE}
	EndGlobalSection
EndGlobal
